
Microsoft Visual Studio Solution File, Format Version 12.00
# Visual Studio 15
VisualStudioVersion = 15.0.28307.1738
MinimumVisualStudioVersion = 10.0.40219.1
Project("{FAE04EC0-301F-11D3-BF4B-00C04F79EFBC}") = "xPharmacy", "xPharmacy\xPharmacy.csproj", "{08BA08DB-63B6-4327-8202-0F649A3742D9}"
EndProject
Project("{FAE04EC0-301F-11D3-BF4B-00C04F79EFBC}") = "API", "..\API\API\API.csproj", "{085BBD1C-4924-487C-8514-AB93EA6267FA}"
EndProject
Global
	GlobalSection(SolutionConfigurationPlatforms) = preSolution
		Debug|Any CPU = Debug|Any CPU
		Release|Any CPU = Release|Any CPU
	EndGlobalSection
	GlobalSection(ProjectConfigurationPlatforms) = postSolution
		{08BA08DB-63B6-4327-8202-0F649A3742D9}.Debug|Any CPU.ActiveCfg = Debug|Any CPU
		{08BA08DB-63B6-4327-8202-0F649A3742D9}.Debug|Any CPU.Build.0 = Debug|Any CPU
		{08BA08DB-63B6-4327-8202-0F649A3742D9}.Release|Any CPU.ActiveCfg = Release|Any CPU
		{08BA08DB-63B6-4327-8202-0F649A3742D9}.Release|Any CPU.Build.0 = Release|Any CPU
		{085BBD1C-4924-487C-8514-AB93EA6267FA}.Debug|Any CPU.ActiveCfg = Debug|Any CPU
		{085BBD1C-4924-487C-8514-AB93EA6267FA}.Debug|Any CPU.Build.0 = Debug|Any CPU
		{085BBD1C-4924-487C-8514-AB93EA6267FA}.Release|Any CPU.ActiveCfg = Release|Any CPU
		{085BBD1C-4924-487C-8514-AB93EA6267FA}.Release|Any CPU.Build.0 = Release|Any CPU
	EndGlobalSection
	GlobalSection(SolutionProperties) = preSolution
		HideSolutionNode = FALSE
	EndGlobalSection
	GlobalSection(ExtensibilityGlobals) = postSolution
		SolutionGuid = {3BAA6651-7323-4B77-A286-9074C967603D}
	EndGlobalSection
EndGlobal
